
Microsoft Visual Studio Solution File, Format Version 12.00
# Visual Studio 2013
VisualStudioVersion = 12.0.21005.1
MinimumVisualStudioVersion = 10.0.40219.1
Project("{FAE04EC0-301F-11D3-BF4B-00C04F79EFBC}") = "DADesignerCore", "DADesignerCore\DADesignerCore.csproj", "{388F90F1-9CD9-424B-AF39-15084534D244}"
EndProject
Project("{FAE04EC0-301F-11D3-BF4B-00C04F79EFBC}") = "DADesignerFormsGUI", "DADesignerFormsGUI\DADesignerFormsGUI.csproj", "{FC1D1B90-0AA3-4910-AF09-2A91DABB536D}"
EndProject
Project("{FAE04EC0-301F-11D3-BF4B-00C04F79EFBC}") = "DADesignerCoreTests", "DADesignerCoreTests\DADesignerCoreTests.csproj", "{3080DF7C-03F3-4C9B-A5A2-76CA6C531090}"
EndProject
Global
	GlobalSection(SolutionConfigurationPlatforms) = preSolution
		Debug|Any CPU = Debug|Any CPU
		Release|Any CPU = Release|Any CPU
	EndGlobalSection
	GlobalSection(ProjectConfigurationPlatforms) = postSolution
		{388F90F1-9CD9-424B-AF39-15084534D244}.Debug|Any CPU.ActiveCfg = Debug|Any CPU
		{388F90F1-9CD9-424B-AF39-15084534D244}.Debug|Any CPU.Build.0 = Debug|Any CPU
		{388F90F1-9CD9-424B-AF39-15084534D244}.Release|Any CPU.ActiveCfg = Release|Any CPU
		{388F90F1-9CD9-424B-AF39-15084534D244}.Release|Any CPU.Build.0 = Release|Any CPU
		{FC1D1B90-0AA3-4910-AF09-2A91DABB536D}.Debug|Any CPU.ActiveCfg = Debug|Any CPU
		{FC1D1B90-0AA3-4910-AF09-2A91DABB536D}.Debug|Any CPU.Build.0 = Debug|Any CPU
		{FC1D1B90-0AA3-4910-AF09-2A91DABB536D}.Release|Any CPU.ActiveCfg = Release|Any CPU
		{FC1D1B90-0AA3-4910-AF09-2A91DABB536D}.Release|Any CPU.Build.0 = Release|Any CPU
		{3080DF7C-03F3-4C9B-A5A2-76CA6C531090}.Debug|Any CPU.ActiveCfg = Debug|Any CPU
		{3080DF7C-03F3-4C9B-A5A2-76CA6C531090}.Debug|Any CPU.Build.0 = Debug|Any CPU
		{3080DF7C-03F3-4C9B-A5A2-76CA6C531090}.Release|Any CPU.ActiveCfg = Release|Any CPU
		{3080DF7C-03F3-4C9B-A5A2-76CA6C531090}.Release|Any CPU.Build.0 = Release|Any CPU
	EndGlobalSection
	GlobalSection(SolutionProperties) = preSolution
		HideSolutionNode = FALSE
	EndGlobalSection
EndGlobal
